
Microsoft Visual Studio Solution File, Format Version 12.00
# Visual Studio Express 2012 for Windows Phone
Project("{FAE04EC0-301F-11D3-BF4B-00C04F79EFBC}") = "Define", "Define\Define.csproj", "{CB09B826-591B-4FAD-BE41-E740B76B9E4E}"
EndProject
Global
	GlobalSection(SolutionConfigurationPlatforms) = preSolution
		Debug|Any CPU = Debug|Any CPU
		Release|Any CPU = Release|Any CPU
	EndGlobalSection
	GlobalSection(ProjectConfigurationPlatforms) = postSolution
		{CB09B826-591B-4FAD-BE41-E740B76B9E4E}.Debug|Any CPU.ActiveCfg = Debug|Any CPU
		{CB09B826-591B-4FAD-BE41-E740B76B9E4E}.Debug|Any CPU.Build.0 = Debug|Any CPU
		{CB09B826-591B-4FAD-BE41-E740B76B9E4E}.Debug|Any CPU.Deploy.0 = Debug|Any CPU
		{CB09B826-591B-4FAD-BE41-E740B76B9E4E}.Release|Any CPU.ActiveCfg = Release|Any CPU
		{CB09B826-591B-4FAD-BE41-E740B76B9E4E}.Release|Any CPU.Build.0 = Release|Any CPU
		{CB09B826-591B-4FAD-BE41-E740B76B9E4E}.Release|Any CPU.Deploy.0 = Release|Any CPU
	EndGlobalSection
	GlobalSection(SolutionProperties) = preSolution
		HideSolutionNode = FALSE
	EndGlobalSection
EndGlobal
