// !$*UTF8*$!
{
	archiveVersion = 1;
	classes = {
	};
	objectVersion = 46;
	objects = {

/* Begin PBXBuildFile section */
		E62BA0CC16C0B589009420BF /* Foundation.framework in Frameworks */ = {isa = PBXBuildFile; fileRef = E62BA0CB16C0B589009420BF /* Foundation.framework */; };
		E62BA0CE16C0B589009420BF /* UIKit.framework in Frameworks */ = {isa = PBXBuildFile; fileRef = E62BA0CD16C0B589009420BF /* UIKit.framework */; };
		E62BA0DE16C0B58B009420BF /* definingSiriCommands.m in Sources */ = {isa = PBXBuildFile; fileRef = E62BA0DD16C0B58B009420BF /* definingSiriCommands.m */; };
		E62BA0E116C0B58B009420BF /* definingSiriSnippet.m in Sources */ = {isa = PBXBuildFile; fileRef = E62BA0E016C0B58B009420BF /* definingSiriSnippet.m */; };
		E62BA0E416C0B58B009420BF /* definingSiriExtension.m in Sources */ = {isa = PBXBuildFile; fileRef = E62BA0E316C0B58B009420BF /* definingSiriExtension.m */; };
/* End PBXBuildFile section */

/* Begin PBXFileReference section */
		E62BA0C816C0B589009420BF /* definingSiri.assistantExtension */ = {isa = PBXFileReference; explicitFileType = wrapper.cfbundle; includeInIndex = 0; path = definingSiri.assistantExtension; sourceTree = BUILT_PRODUCTS_DIR; };
		E62BA0CB16C0B589009420BF /* Foundation.framework */ = {isa = PBXFileReference; lastKnownFileType = wrapper.framework; name = Foundation.framework; path = System/Library/Frameworks/Foundation.framework; sourceTree = SDKROOT; };
		E62BA0CD16C0B589009420BF /* UIKit.framework */ = {isa = PBXFileReference; lastKnownFileType = wrapper.framework; name = UIKit.framework; path = System/Library/Frameworks/UIKit.framework; sourceTree = SDKROOT; };
		E62BA0D216C0B589009420BF /* control.txt */ = {isa = PBXFileReference; lastKnownFileType = text; name = control.txt; path = Package/DEBIAN/control.txt; sourceTree = "<group>"; };
		E62BA0D316C0B589009420BF /* control */ = {isa = PBXFileReference; lastKnownFileType = text; name = control; path = Package/DEBIAN/control; sourceTree = "<group>"; };
		E62BA0D516C0B58B009420BF /* PackageVersion.plist */ = {isa = PBXFileReference; lastKnownFileType = text.plist.xml; path = PackageVersion.plist; sourceTree = "<group>"; };
		E62BA0D616C0B58B009420BF /* definingSiri-Info.plist */ = {isa = PBXFileReference; lastKnownFileType = text.plist.xml; path = "definingSiri-Info.plist"; sourceTree = "<group>"; };
		E62BA0DA16C0B58B009420BF /* 0xdeadfa11 */ = {isa = PBXFileReference; lastKnownFileType = text; name = 0xdeadfa11; path = Package/Library/AssistantExtensions/definingSiri.assistantExtension/0xdeadfa11; sourceTree = "<group>"; };
		E62BA0DB16C0B58B009420BF /* definingSiri-Prefix.pch */ = {isa = PBXFileReference; lastKnownFileType = sourcecode.c.h; path = "definingSiri-Prefix.pch"; sourceTree = "<group>"; };
		E62BA0DC16C0B58B009420BF /* definingSiriCommands.h */ = {isa = PBXFileReference; lastKnownFileType = sourcecode.c.h; path = definingSiriCommands.h; sourceTree = "<group>"; };
		E62BA0DD16C0B58B009420BF /* definingSiriCommands.m */ = {isa = PBXFileReference; lastKnownFileType = sourcecode.c.objc; path = definingSiriCommands.m; sourceTree = "<group>"; };
		E62BA0DF16C0B58B009420BF /* definingSiriSnippet.h */ = {isa = PBXFileReference; lastKnownFileType = sourcecode.c.h; path = definingSiriSnippet.h; sourceTree = "<group>"; };
		E62BA0E016C0B58B009420BF /* definingSiriSnippet.m */ = {isa = PBXFileReference; lastKnownFileType = sourcecode.c.objc; path = definingSiriSnippet.m; sourceTree = "<group>"; };
		E62BA0E216C0B58B009420BF /* definingSiriExtension.h */ = {isa = PBXFileReference; lastKnownFileType = sourcecode.c.h; path = definingSiriExtension.h; sourceTree = "<group>"; };
		E62BA0E316C0B58B009420BF /* definingSiriExtension.m */ = {isa = PBXFileReference; lastKnownFileType = sourcecode.c.objc; path = definingSiriExtension.m; sourceTree = "<group>"; };
		E62BA0E516C0B58B009420BF /* definingSiriNib.xib */ = {isa = PBXFileReference; lastKnownFileType = file.xib; path = definingSiriNib.xib; sourceTree = "<group>"; };
/* End PBXFileReference section */

/* Begin PBXFrameworksBuildPhase section */
		E62BA0C416C0B589009420BF /* Frameworks */ = {
			isa = PBXFrameworksBuildPhase;
			buildActionMask = 2147483647;
			files = (
				E62BA0CC16C0B589009420BF /* Foundation.framework in Frameworks */,
				E62BA0CE16C0B589009420BF /* UIKit.framework in Frameworks */,
			);
			runOnlyForDeploymentPostprocessing = 0;
		};
/* End PBXFrameworksBuildPhase section */

/* Begin PBXGroup section */
		E62BA0BC16C0B589009420BF = {
			isa = PBXGroup;
			children = (
				E62BA0CF16C0B589009420BF /* definingSiri */,
				E62BA0CA16C0B589009420BF /* Frameworks */,
				E62BA0C916C0B589009420BF /* Products */,
			);
			sourceTree = "<group>";
		};
		E62BA0C916C0B589009420BF /* Products */ = {
			isa = PBXGroup;
			children = (
				E62BA0C816C0B589009420BF /* definingSiri.assistantExtension */,
			);
			name = Products;
			sourceTree = "<group>";
		};
		E62BA0CA16C0B589009420BF /* Frameworks */ = {
			isa = PBXGroup;
			children = (
				E62BA0CB16C0B589009420BF /* Foundation.framework */,
				E62BA0CD16C0B589009420BF /* UIKit.framework */,
			);
			name = Frameworks;
			sourceTree = "<group>";
		};
		E62BA0CF16C0B589009420BF /* definingSiri */ = {
			isa = PBXGroup;
			children = (
				E62BA0DC16C0B58B009420BF /* definingSiriCommands.h */,
				E62BA0DD16C0B58B009420BF /* definingSiriCommands.m */,
				E62BA0DF16C0B58B009420BF /* definingSiriSnippet.h */,
				E62BA0E016C0B58B009420BF /* definingSiriSnippet.m */,
				E62BA0E216C0B58B009420BF /* definingSiriExtension.h */,
				E62BA0E316C0B58B009420BF /* definingSiriExtension.m */,
				E62BA0E516C0B58B009420BF /* definingSiriNib.xib */,
				E62BA0D016C0B589009420BF /* Package */,
				E62BA0D416C0B58B009420BF /* Supporting Files */,
			);
			path = definingSiri;
			sourceTree = "<group>";
		};
		E62BA0D016C0B589009420BF /* Package */ = {
			isa = PBXGroup;
			children = (
				E62BA0D116C0B589009420BF /* DEBIAN */,
				E62BA0D716C0B58B009420BF /* Library */,
			);
			name = Package;
			sourceTree = "<group>";
		};
		E62BA0D116C0B589009420BF /* DEBIAN */ = {
			isa = PBXGroup;
			children = (
				E62BA0D216C0B589009420BF /* control.txt */,
				E62BA0D316C0B589009420BF /* control */,
			);
			name = DEBIAN;
			sourceTree = "<group>";
		};
		E62BA0D416C0B58B009420BF /* Supporting Files */ = {
			isa = PBXGroup;
			children = (
				E62BA0D516C0B58B009420BF /* PackageVersion.plist */,
				E62BA0D616C0B58B009420BF /* definingSiri-Info.plist */,
				E62BA0DB16C0B58B009420BF /* definingSiri-Prefix.pch */,
			);
			name = "Supporting Files";
			sourceTree = "<group>";
		};
		E62BA0D716C0B58B009420BF /* Library */ = {
			isa = PBXGroup;
			children = (
				E62BA0D816C0B58B009420BF /* AssistantExtensions */,
			);
			name = Library;
			sourceTree = "<group>";
		};
		E62BA0D816C0B58B009420BF /* AssistantExtensions */ = {
			isa = PBXGroup;
			children = (
				E62BA0D916C0B58B009420BF /* ___PACKAGENAME___.assistantExtension */,
			);
			name = AssistantExtensions;
			sourceTree = "<group>";
		};
		E62BA0D916C0B58B009420BF /* ___PACKAGENAME___.assistantExtension */ = {
			isa = PBXGroup;
			children = (
				E62BA0DA16C0B58B009420BF /* 0xdeadfa11 */,
			);
			name = "___PACKAGENAME___.assistantExtension";
			sourceTree = "<group>";
		};
/* End PBXGroup section */

/* Begin PBXHeadersBuildPhase section */
		E62BA0C516C0B589009420BF /* Headers */ = {
			isa = PBXHeadersBuildPhase;
			buildActionMask = 2147483647;
			files = (
			);
			runOnlyForDeploymentPostprocessing = 0;
		};
/* End PBXHeadersBuildPhase section */

/* Begin PBXNativeTarget section */
		E62BA0C716C0B589009420BF /* definingSiri */ = {
			isa = PBXNativeTarget;
			buildConfigurationList = E62BA0E816C0B58B009420BF /* Build configuration list for PBXNativeTarget "definingSiri" */;
			buildPhases = (
				E62BA0C316C0B589009420BF /* Sources */,
				E62BA0C416C0B589009420BF /* Frameworks */,
				E62BA0C516C0B589009420BF /* Headers */,
				E62BA0C616C0B589009420BF /* ShellScript */,
			);
			buildRules = (
			);
			dependencies = (
			);
			name = definingSiri;
			productName = definingSiri;
			productReference = E62BA0C816C0B589009420BF /* definingSiri.assistantExtension */;
			productType = "com.apple.product-type.bundle";
		};
/* End PBXNativeTarget section */

/* Begin PBXProject section */
		E62BA0BE16C0B589009420BF /* Project object */ = {
			isa = PBXProject;
			attributes = {
				LastUpgradeCheck = 0450;
			};
			buildConfigurationList = E62BA0C116C0B589009420BF /* Build configuration list for PBXProject "definingSiri" */;
			compatibilityVersion = "Xcode 3.2";
			developmentRegion = English;
			hasScannedForEncodings = 0;
			knownRegions = (
				en,
			);
			mainGroup = E62BA0BC16C0B589009420BF;
			productRefGroup = E62BA0C916C0B589009420BF /* Products */;
			projectDirPath = "";
			projectRoot = "";
			targets = (
				E62BA0C716C0B589009420BF /* definingSiri */,
			);
		};
/* End PBXProject section */

/* Begin PBXShellScriptBuildPhase section */
		E62BA0C616C0B589009420BF /* ShellScript */ = {
			isa = PBXShellScriptBuildPhase;
			buildActionMask = 2147483647;
			files = (
			);
			inputPaths = (
			);
			outputPaths = (
			);
			runOnlyForDeploymentPostprocessing = 0;
			shellPath = /bin/sh;
			shellScript = "/opt/iOSOpenDev/bin/iosod --xcbp";
		};
/* End PBXShellScriptBuildPhase section */

/* Begin PBXSourcesBuildPhase section */
		E62BA0C316C0B589009420BF /* Sources */ = {
			isa = PBXSourcesBuildPhase;
			buildActionMask = 2147483647;
			files = (
				E62BA0DE16C0B58B009420BF /* definingSiriCommands.m in Sources */,
				E62BA0E116C0B58B009420BF /* definingSiriSnippet.m in Sources */,
				E62BA0E416C0B58B009420BF /* definingSiriExtension.m in Sources */,
			);
			runOnlyForDeploymentPostprocessing = 0;
		};
/* End PBXSourcesBuildPhase section */

/* Begin XCBuildConfiguration section */
		E62BA0E616C0B58B009420BF /* Debug */ = {
			isa = XCBuildConfiguration;
			buildSettings = {
				CLANG_ENABLE_OBJC_ARC = YES;
				COPY_PHASE_STRIP = NO;
				EXCLUDED_RECURSIVE_SEARCH_PATH_SUBDIRECTORIES = "*.nib *.lproj *.gch (*) .DS_Store CVS .svn .git .hg *.xcodeproj *.xcode *.pbproj *.pbxproj";
				FRAMEWORK_SEARCH_PATHS = (
					"$(iOSOpenDevPath)/frameworks/**",
					"$(SDKROOT)/System/Library/PrivateFrameworks",
				);
				GCC_C_LANGUAGE_STANDARD = gnu99;
				GCC_DYNAMIC_NO_PIC = NO;
				GCC_OPTIMIZATION_LEVEL = 0;
				GCC_PREPROCESSOR_DEFINITIONS = (
					"DEBUG=1",
					"$(inherited)",
				);
				GCC_SYMBOLS_PRIVATE_EXTERN = NO;
				GCC_WARN_ABOUT_MISSING_PROTOTYPES = YES;
				GCC_WARN_ABOUT_RETURN_TYPE = YES;
				GCC_WARN_UNUSED_VARIABLE = YES;
				HEADER_SEARCH_PATHS = "$(iOSOpenDevPath)/include/**";
				IPHONEOS_DEPLOYMENT_TARGET = 6.0;
				LIBRARY_SEARCH_PATHS = "$(iOSOpenDevPath)/lib/**";
				ONLY_ACTIVE_ARCH = YES;
				SDKROOT = iphoneos;
				TARGETED_DEVICE_FAMILY = "1,2";
				VALIDATE_PRODUCT = NO;
				iOSOpenDevPath = /opt/iOSOpenDev;
			};
			name = Debug;
		};
		E62BA0E716C0B58B009420BF /* Release */ = {
			isa = XCBuildConfiguration;
			buildSettings = {
				CLANG_ENABLE_OBJC_ARC = YES;
				COPY_PHASE_STRIP = YES;
				EXCLUDED_RECURSIVE_SEARCH_PATH_SUBDIRECTORIES = "*.nib *.lproj *.gch (*) .DS_Store CVS .svn .git .hg *.xcodeproj *.xcode *.pbproj *.pbxproj";
				FRAMEWORK_SEARCH_PATHS = (
					"$(iOSOpenDevPath)/frameworks/**",
					"$(SDKROOT)/System/Library/PrivateFrameworks",
				);
				GCC_C_LANGUAGE_STANDARD = gnu99;
				GCC_WARN_ABOUT_MISSING_PROTOTYPES = YES;
				GCC_WARN_ABOUT_RETURN_TYPE = YES;
				GCC_WARN_UNUSED_VARIABLE = YES;
				HEADER_SEARCH_PATHS = "$(iOSOpenDevPath)/include/**";
				IPHONEOS_DEPLOYMENT_TARGET = 6.0;
				LIBRARY_SEARCH_PATHS = "$(iOSOpenDevPath)/lib/**";
				SDKROOT = iphoneos;
				TARGETED_DEVICE_FAMILY = "1,2";
				VALIDATE_PRODUCT = YES;
				iOSOpenDevPath = /opt/iOSOpenDev;
			};
			name = Release;
		};
		E62BA0E916C0B58B009420BF /* Debug */ = {
			isa = XCBuildConfiguration;
			buildSettings = {
				GCC_PRECOMPILE_PREFIX_HEADER = YES;
				GCC_PREFIX_HEADER = "definingSiri/definingSiri-Prefix.pch";
				INFOPLIST_FILE = "definingSiri/definingSiri-Info.plist";
				INSTALL_PATH = /Library/AssistantExtensions;
				PRODUCT_NAME = "$(TARGET_NAME)";
				WRAPPER_EXTENSION = assistantExtension;
				iOSOpenDevBuildPackageOnAnyBuild = NO;
				iOSOpenDevCopyOnBuild = NO;
				iOSOpenDevDevice = "";
				iOSOpenDevInstallOnAnyBuild = NO;
				iOSOpenDevInstallOnProfiling = YES;
				iOSOpenDevRespringOnInstall = YES;
				iOSOpenDevUsePackageVersionPList = YES;
			};
			name = Debug;
		};
		E62BA0EA16C0B58B009420BF /* Release */ = {
			isa = XCBuildConfiguration;
			buildSettings = {
				GCC_PRECOMPILE_PREFIX_HEADER = YES;
				GCC_PREFIX_HEADER = "definingSiri/definingSiri-Prefix.pch";
				INFOPLIST_FILE = "definingSiri/definingSiri-Info.plist";
				INSTALL_PATH = /Library/AssistantExtensions;
				PRODUCT_NAME = "$(TARGET_NAME)";
				WRAPPER_EXTENSION = assistantExtension;
				iOSOpenDevBuildPackageOnAnyBuild = NO;
				iOSOpenDevCopyOnBuild = NO;
				iOSOpenDevDevice = "";
				iOSOpenDevInstallOnAnyBuild = NO;
				iOSOpenDevInstallOnProfiling = YES;
				iOSOpenDevRespringOnInstall = YES;
				iOSOpenDevUsePackageVersionPList = YES;
			};
			name = Release;
		};
/* End XCBuildConfiguration section */

/* Begin XCConfigurationList section */
		E62BA0C116C0B589009420BF /* Build configuration list for PBXProject "definingSiri" */ = {
			isa = XCConfigurationList;
			buildConfigurations = (
				E62BA0E616C0B58B009420BF /* Debug */,
				E62BA0E716C0B58B009420BF /* Release */,
			);
			defaultConfigurationIsVisible = 0;
			defaultConfigurationName = Release;
		};
		E62BA0E816C0B58B009420BF /* Build configuration list for PBXNativeTarget "definingSiri" */ = {
			isa = XCConfigurationList;
			buildConfigurations = (
				E62BA0E916C0B58B009420BF /* Debug */,
				E62BA0EA16C0B58B009420BF /* Release */,
			);
			defaultConfigurationIsVisible = 0;
		};
/* End XCConfigurationList section */
	};
	rootObject = E62BA0BE16C0B589009420BF /* Project object */;
}
