// !$*UTF8*$!
{
	archiveVersion = 1;
	classes = {
	};
	objectVersion = 46;
	objects = {

/* Begin PBXBuildFile section */
		E62A053916CA230500D7D5C2 /* CFNetwork.framework in Frameworks */ = {isa = PBXBuildFile; fileRef = E62A053816CA230500D7D5C2 /* CFNetwork.framework */; };
		E62A053B16CA230B00D7D5C2 /* Security.framework in Frameworks */ = {isa = PBXBuildFile; fileRef = E62A053A16CA230B00D7D5C2 /* Security.framework */; };
		E62A053D16CA231600D7D5C2 /* CoreData.framework in Frameworks */ = {isa = PBXBuildFile; fileRef = E62A053C16CA231600D7D5C2 /* CoreData.framework */; };
		E63227F415D2B9740081C230 /* UIKit.framework in Frameworks */ = {isa = PBXBuildFile; fileRef = E63227F315D2B9740081C230 /* UIKit.framework */; };
		E63227F615D2B9740081C230 /* Foundation.framework in Frameworks */ = {isa = PBXBuildFile; fileRef = E63227F515D2B9740081C230 /* Foundation.framework */; };
		E63227F815D2B9740081C230 /* CoreGraphics.framework in Frameworks */ = {isa = PBXBuildFile; fileRef = E63227F715D2B9740081C230 /* CoreGraphics.framework */; };
		E63227FE15D2B9740081C230 /* InfoPlist.strings in Resources */ = {isa = PBXBuildFile; fileRef = E63227FC15D2B9740081C230 /* InfoPlist.strings */; };
		E632280015D2B9740081C230 /* main.m in Sources */ = {isa = PBXBuildFile; fileRef = E63227FF15D2B9740081C230 /* main.m */; };
		E632280415D2B9740081C230 /* DictonaryAppDelegate.m in Sources */ = {isa = PBXBuildFile; fileRef = E632280315D2B9740081C230 /* DictonaryAppDelegate.m */; };
		E632280715D2B9740081C230 /* MainStoryboard_iPhone.storyboard in Resources */ = {isa = PBXBuildFile; fileRef = E632280515D2B9740081C230 /* MainStoryboard_iPhone.storyboard */; };
		E632280A15D2B9740081C230 /* MainStoryboard_iPad.storyboard in Resources */ = {isa = PBXBuildFile; fileRef = E632280815D2B9740081C230 /* MainStoryboard_iPad.storyboard */; };
		E64E6C2F16E986E100BCDFD1 /* BackEnd.m in Sources */ = {isa = PBXBuildFile; fileRef = E64E6C2E16E986E100BCDFD1 /* BackEnd.m */; };
		E66D4372180A683800E8EC1D /* libFlurry_4.2.4.a in Frameworks */ = {isa = PBXBuildFile; fileRef = E66D4371180A683800E8EC1D /* libFlurry_4.2.4.a */; };
		E68F726C169E8E2400FED431 /* Localizable.strings in Resources */ = {isa = PBXBuildFile; fileRef = E68F726E169E8E2400FED431 /* Localizable.strings */; };
		E6911A63164609C8007E4552 /* DictonaryViewController.m in Sources */ = {isa = PBXBuildFile; fileRef = E632280C15D2B9740081C230 /* DictonaryViewController.m */; };
		E6911A64164609CE007E4552 /* DictonaryPadViewController.m in Sources */ = {isa = PBXBuildFile; fileRef = E6AF4F5C163E469700EE5E1B /* DictonaryPadViewController.m */; };
		E6DA029D16DC8C9A0091437F /* SystemConfiguration.framework in Frameworks */ = {isa = PBXBuildFile; fileRef = E6DA029C16DC8C9A0091437F /* SystemConfiguration.framework */; };
		E6FAB391180A1A8600885B7E /* Images.xcassets in Resources */ = {isa = PBXBuildFile; fileRef = E6FAB390180A1A8600885B7E /* Images.xcassets */; };
/* End PBXBuildFile section */

/* Begin PBXFileReference section */
		E62A053816CA230500D7D5C2 /* CFNetwork.framework */ = {isa = PBXFileReference; lastKnownFileType = wrapper.framework; name = CFNetwork.framework; path = System/Library/Frameworks/CFNetwork.framework; sourceTree = SDKROOT; };
		E62A053A16CA230B00D7D5C2 /* Security.framework */ = {isa = PBXFileReference; lastKnownFileType = wrapper.framework; name = Security.framework; path = System/Library/Frameworks/Security.framework; sourceTree = SDKROOT; };
		E62A053C16CA231600D7D5C2 /* CoreData.framework */ = {isa = PBXFileReference; lastKnownFileType = wrapper.framework; name = CoreData.framework; path = System/Library/Frameworks/CoreData.framework; sourceTree = SDKROOT; };
		E62BE46E16BE5D7500583F21 /* es */ = {isa = PBXFileReference; lastKnownFileType = text.plist.strings; name = es; path = es.lproj/Localizable.strings; sourceTree = "<group>"; };
		E62BE46F16BE5D9F00583F21 /* es */ = {isa = PBXFileReference; lastKnownFileType = text.plist.strings; name = es; path = es.lproj/InfoPlist.strings; sourceTree = "<group>"; };
		E62BE47016BE605500583F21 /* fr */ = {isa = PBXFileReference; lastKnownFileType = text.plist.strings; name = fr; path = fr.lproj/Localizable.strings; sourceTree = "<group>"; };
		E62BE47116BE605500583F21 /* fr */ = {isa = PBXFileReference; lastKnownFileType = text.plist.strings; name = fr; path = fr.lproj/InfoPlist.strings; sourceTree = "<group>"; };
		E62BE47216BE60E800583F21 /* it */ = {isa = PBXFileReference; lastKnownFileType = text.plist.strings; name = it; path = it.lproj/Localizable.strings; sourceTree = "<group>"; };
		E62BE47316BE60E900583F21 /* it */ = {isa = PBXFileReference; lastKnownFileType = text.plist.strings; name = it; path = it.lproj/InfoPlist.strings; sourceTree = "<group>"; };
		E62BE47416BE614300583F21 /* de */ = {isa = PBXFileReference; lastKnownFileType = text.plist.strings; name = de; path = de.lproj/Localizable.strings; sourceTree = "<group>"; };
		E62BE47516BE614400583F21 /* de */ = {isa = PBXFileReference; lastKnownFileType = text.plist.strings; name = de; path = de.lproj/InfoPlist.strings; sourceTree = "<group>"; };
		E62BE47616BE628E00583F21 /* sv */ = {isa = PBXFileReference; lastKnownFileType = text.plist.strings; name = sv; path = sv.lproj/Localizable.strings; sourceTree = "<group>"; };
		E62BE47716BE628E00583F21 /* sv */ = {isa = PBXFileReference; lastKnownFileType = text.plist.strings; name = sv; path = sv.lproj/InfoPlist.strings; sourceTree = "<group>"; };
		E63227EF15D2B9740081C230 /* Define-DEV.app */ = {isa = PBXFileReference; explicitFileType = wrapper.application; includeInIndex = 0; path = "Define-DEV.app"; sourceTree = BUILT_PRODUCTS_DIR; };
		E63227F315D2B9740081C230 /* UIKit.framework */ = {isa = PBXFileReference; lastKnownFileType = wrapper.framework; name = UIKit.framework; path = System/Library/Frameworks/UIKit.framework; sourceTree = SDKROOT; };
		E63227F515D2B9740081C230 /* Foundation.framework */ = {isa = PBXFileReference; lastKnownFileType = wrapper.framework; name = Foundation.framework; path = System/Library/Frameworks/Foundation.framework; sourceTree = SDKROOT; };
		E63227F715D2B9740081C230 /* CoreGraphics.framework */ = {isa = PBXFileReference; lastKnownFileType = wrapper.framework; name = CoreGraphics.framework; path = System/Library/Frameworks/CoreGraphics.framework; sourceTree = SDKROOT; };
		E63227FD15D2B9740081C230 /* en */ = {isa = PBXFileReference; lastKnownFileType = text.plist.strings; name = en; path = en.lproj/InfoPlist.strings; sourceTree = "<group>"; };
		E63227FF15D2B9740081C230 /* main.m */ = {isa = PBXFileReference; lastKnownFileType = sourcecode.c.objc; path = main.m; sourceTree = "<group>"; };
		E632280115D2B9740081C230 /* Dictionary-Prefix.pch */ = {isa = PBXFileReference; lastKnownFileType = sourcecode.c.h; path = "Dictionary-Prefix.pch"; sourceTree = "<group>"; };
		E632280215D2B9740081C230 /* DictonaryAppDelegate.h */ = {isa = PBXFileReference; lastKnownFileType = sourcecode.c.h; path = DictonaryAppDelegate.h; sourceTree = "<group>"; };
		E632280315D2B9740081C230 /* DictonaryAppDelegate.m */ = {isa = PBXFileReference; lastKnownFileType = sourcecode.c.objc; path = DictonaryAppDelegate.m; sourceTree = "<group>"; };
		E632280615D2B9740081C230 /* en */ = {isa = PBXFileReference; lastKnownFileType = file.storyboard; name = en; path = en.lproj/MainStoryboard_iPhone.storyboard; sourceTree = "<group>"; };
		E632280915D2B9740081C230 /* en */ = {isa = PBXFileReference; lastKnownFileType = file.storyboard; name = en; path = en.lproj/MainStoryboard_iPad.storyboard; sourceTree = "<group>"; };
		E632280B15D2B9740081C230 /* DictonaryViewController.h */ = {isa = PBXFileReference; lastKnownFileType = sourcecode.c.h; path = DictonaryViewController.h; sourceTree = "<group>"; };
		E632280C15D2B9740081C230 /* DictonaryViewController.m */ = {isa = PBXFileReference; lastKnownFileType = sourcecode.c.objc; path = DictonaryViewController.m; sourceTree = "<group>"; };
		E632281415D2B9740081C230 /* SenTestingKit.framework */ = {isa = PBXFileReference; lastKnownFileType = wrapper.framework; name = SenTestingKit.framework; path = Library/Frameworks/SenTestingKit.framework; sourceTree = DEVELOPER_DIR; };
		E64E6C2D16E986E100BCDFD1 /* BackEnd.h */ = {isa = PBXFileReference; fileEncoding = 4; lastKnownFileType = sourcecode.c.h; path = BackEnd.h; sourceTree = "<group>"; };
		E64E6C2E16E986E100BCDFD1 /* BackEnd.m */ = {isa = PBXFileReference; fileEncoding = 4; lastKnownFileType = sourcecode.c.objc; path = BackEnd.m; sourceTree = "<group>"; };
		E66D4370180A683800E8EC1D /* Flurry.h */ = {isa = PBXFileReference; fileEncoding = 4; lastKnownFileType = sourcecode.c.h; name = Flurry.h; path = Flurry/Flurry.h; sourceTree = "<group>"; };
		E66D4371180A683800E8EC1D /* libFlurry_4.2.4.a */ = {isa = PBXFileReference; lastKnownFileType = archive.ar; name = libFlurry_4.2.4.a; path = Flurry/libFlurry_4.2.4.a; sourceTree = "<group>"; };
		E68F726D169E8E2400FED431 /* en */ = {isa = PBXFileReference; lastKnownFileType = text.plist.strings; name = en; path = en.lproj/Localizable.strings; sourceTree = "<group>"; };
		E6911A6B16460AA5007E4552 /* DefineiOS5.plist */ = {isa = PBXFileReference; fileEncoding = 4; lastKnownFileType = text.plist.xml; path = DefineiOS5.plist; sourceTree = "<group>"; };
		E6A7C18316BF81260010FB8E /* pt */ = {isa = PBXFileReference; lastKnownFileType = text.plist.strings; name = pt; path = pt.lproj/Localizable.strings; sourceTree = "<group>"; };
		E6A7C18416BF81260010FB8E /* pt */ = {isa = PBXFileReference; lastKnownFileType = text.plist.strings; name = pt; path = pt.lproj/InfoPlist.strings; sourceTree = "<group>"; };
		E6A7C18516BF82270010FB8E /* nl */ = {isa = PBXFileReference; lastKnownFileType = text.plist.strings; name = nl; path = nl.lproj/Localizable.strings; sourceTree = "<group>"; };
		E6A7C18616BF82270010FB8E /* nl */ = {isa = PBXFileReference; lastKnownFileType = text.plist.strings; name = nl; path = nl.lproj/InfoPlist.strings; sourceTree = "<group>"; };
		E6A7C18716BF836E0010FB8E /* cs */ = {isa = PBXFileReference; lastKnownFileType = text.plist.strings; name = cs; path = cs.lproj/Localizable.strings; sourceTree = "<group>"; };
		E6A7C18816BF836E0010FB8E /* cs */ = {isa = PBXFileReference; lastKnownFileType = text.plist.strings; name = cs; path = cs.lproj/InfoPlist.strings; sourceTree = "<group>"; };
		E6A7C18916BF841A0010FB8E /* da */ = {isa = PBXFileReference; lastKnownFileType = text.plist.strings; name = da; path = da.lproj/Localizable.strings; sourceTree = "<group>"; };
		E6A7C18A16BF841B0010FB8E /* da */ = {isa = PBXFileReference; lastKnownFileType = text.plist.strings; name = da; path = da.lproj/InfoPlist.strings; sourceTree = "<group>"; };
		E6AF4F5B163E469700EE5E1B /* DictonaryPadViewController.h */ = {isa = PBXFileReference; fileEncoding = 4; lastKnownFileType = sourcecode.c.h; path = DictonaryPadViewController.h; sourceTree = "<group>"; };
		E6AF4F5C163E469700EE5E1B /* DictonaryPadViewController.m */ = {isa = PBXFileReference; fileEncoding = 4; lastKnownFileType = sourcecode.c.objc; path = DictonaryPadViewController.m; sourceTree = "<group>"; };
		E6D7998116268736009AFA2B /* Dictionary-Info.plist */ = {isa = PBXFileReference; fileEncoding = 4; lastKnownFileType = text.plist.xml; path = "Dictionary-Info.plist"; sourceTree = "<group>"; };
		E6DA029C16DC8C9A0091437F /* SystemConfiguration.framework */ = {isa = PBXFileReference; lastKnownFileType = wrapper.framework; name = SystemConfiguration.framework; path = System/Library/Frameworks/SystemConfiguration.framework; sourceTree = SDKROOT; };
		E6FAB390180A1A8600885B7E /* Images.xcassets */ = {isa = PBXFileReference; lastKnownFileType = folder.assetcatalog; path = Images.xcassets; sourceTree = "<group>"; };
/* End PBXFileReference section */

/* Begin PBXFrameworksBuildPhase section */
		E63227EC15D2B9740081C230 /* Frameworks */ = {
			isa = PBXFrameworksBuildPhase;
			buildActionMask = 2147483647;
			files = (
				E6DA029D16DC8C9A0091437F /* SystemConfiguration.framework in Frameworks */,
				E63227F815D2B9740081C230 /* CoreGraphics.framework in Frameworks */,
				E66D4372180A683800E8EC1D /* libFlurry_4.2.4.a in Frameworks */,
				E62A053D16CA231600D7D5C2 /* CoreData.framework in Frameworks */,
				E62A053B16CA230B00D7D5C2 /* Security.framework in Frameworks */,
				E62A053916CA230500D7D5C2 /* CFNetwork.framework in Frameworks */,
				E63227F415D2B9740081C230 /* UIKit.framework in Frameworks */,
				E63227F615D2B9740081C230 /* Foundation.framework in Frameworks */,
			);
			runOnlyForDeploymentPostprocessing = 0;
		};
/* End PBXFrameworksBuildPhase section */

/* Begin PBXGroup section */
		E63227E415D2B9730081C230 = {
			isa = PBXGroup;
			children = (
				E63227F915D2B9740081C230 /* Dictionary */,
				E63227F215D2B9740081C230 /* Frameworks */,
				E63227F015D2B9740081C230 /* Products */,
			);
			sourceTree = "<group>";
		};
		E63227F015D2B9740081C230 /* Products */ = {
			isa = PBXGroup;
			children = (
				E63227EF15D2B9740081C230 /* Define-DEV.app */,
			);
			name = Products;
			sourceTree = "<group>";
		};
		E63227F215D2B9740081C230 /* Frameworks */ = {
			isa = PBXGroup;
			children = (
				E64E6C4016E9934F00BCDFD1 /* Flurry Analytics */,
				E6DA029C16DC8C9A0091437F /* SystemConfiguration.framework */,
				E62A053C16CA231600D7D5C2 /* CoreData.framework */,
				E62A053A16CA230B00D7D5C2 /* Security.framework */,
				E62A053816CA230500D7D5C2 /* CFNetwork.framework */,
				E63227F315D2B9740081C230 /* UIKit.framework */,
				E63227F515D2B9740081C230 /* Foundation.framework */,
				E63227F715D2B9740081C230 /* CoreGraphics.framework */,
				E632281415D2B9740081C230 /* SenTestingKit.framework */,
			);
			name = Frameworks;
			sourceTree = "<group>";
		};
		E63227F915D2B9740081C230 /* Dictionary */ = {
			isa = PBXGroup;
			children = (
				E64E6C2D16E986E100BCDFD1 /* BackEnd.h */,
				E64E6C2E16E986E100BCDFD1 /* BackEnd.m */,
				E632280215D2B9740081C230 /* DictonaryAppDelegate.h */,
				E632280315D2B9740081C230 /* DictonaryAppDelegate.m */,
				E68A3450162E6ABE0066D388 /* UIs */,
				E6FAB390180A1A8600885B7E /* Images.xcassets */,
				E63227FA15D2B9740081C230 /* Supporting Files */,
			);
			path = Dictionary;
			sourceTree = "<group>";
		};
		E63227FA15D2B9740081C230 /* Supporting Files */ = {
			isa = PBXGroup;
			children = (
				E68F726E169E8E2400FED431 /* Localizable.strings */,
				E6911A6D16460AAB007E4552 /* Info Lists */,
				E63227FF15D2B9740081C230 /* main.m */,
				E632280115D2B9740081C230 /* Dictionary-Prefix.pch */,
			);
			name = "Supporting Files";
			sourceTree = "<group>";
		};
		E64E6C4016E9934F00BCDFD1 /* Flurry Analytics */ = {
			isa = PBXGroup;
			children = (
				E66D4370180A683800E8EC1D /* Flurry.h */,
				E66D4371180A683800E8EC1D /* libFlurry_4.2.4.a */,
			);
			name = "Flurry Analytics";
			sourceTree = "<group>";
		};
		E68A3450162E6ABE0066D388 /* UIs */ = {
			isa = PBXGroup;
			children = (
				E6AF4F5F163E46A900EE5E1B /* Portable */,
				E6AF4F60163E46B400EE5E1B /* Pad */,
			);
			name = UIs;
			sourceTree = "<group>";
		};
		E6911A6D16460AAB007E4552 /* Info Lists */ = {
			isa = PBXGroup;
			children = (
				E6D7998116268736009AFA2B /* Dictionary-Info.plist */,
				E6911A6B16460AA5007E4552 /* DefineiOS5.plist */,
				E63227FC15D2B9740081C230 /* InfoPlist.strings */,
			);
			name = "Info Lists";
			sourceTree = "<group>";
		};
		E6AF4F5F163E46A900EE5E1B /* Portable */ = {
			isa = PBXGroup;
			children = (
				E632280B15D2B9740081C230 /* DictonaryViewController.h */,
				E632280C15D2B9740081C230 /* DictonaryViewController.m */,
				E632280515D2B9740081C230 /* MainStoryboard_iPhone.storyboard */,
			);
			name = Portable;
			sourceTree = "<group>";
		};
		E6AF4F60163E46B400EE5E1B /* Pad */ = {
			isa = PBXGroup;
			children = (
				E6AF4F5B163E469700EE5E1B /* DictonaryPadViewController.h */,
				E6AF4F5C163E469700EE5E1B /* DictonaryPadViewController.m */,
				E632280815D2B9740081C230 /* MainStoryboard_iPad.storyboard */,
			);
			name = Pad;
			sourceTree = "<group>";
		};
/* End PBXGroup section */

/* Begin PBXNativeTarget section */
		E63227EE15D2B9740081C230 /* Dictionary */ = {
			isa = PBXNativeTarget;
			buildConfigurationList = E632282515D2B9740081C230 /* Build configuration list for PBXNativeTarget "Dictionary" */;
			buildPhases = (
				E63227EB15D2B9740081C230 /* Sources */,
				E63227EC15D2B9740081C230 /* Frameworks */,
				E63227ED15D2B9740081C230 /* Resources */,
			);
			buildRules = (
			);
			dependencies = (
			);
			name = Dictionary;
			productName = Dictionary;
			productReference = E63227EF15D2B9740081C230 /* Define-DEV.app */;
			productType = "com.apple.product-type.application";
		};
/* End PBXNativeTarget section */

/* Begin PBXProject section */
		E63227E615D2B9730081C230 /* Project object */ = {
			isa = PBXProject;
			attributes = {
				CLASSPREFIX = Dictonary;
				LastUpgradeCheck = 0460;
				ORGANIZATIONNAME = "Kepler Sticka-Jones";
			};
			buildConfigurationList = E63227E915D2B9730081C230 /* Build configuration list for PBXProject "Dictionary" */;
			compatibilityVersion = "Xcode 3.2";
			developmentRegion = English;
			hasScannedForEncodings = 0;
			knownRegions = (
				en,
				es,
				fr,
				it,
				de,
				sv,
				pt,
				nl,
				cs,
				da,
			);
			mainGroup = E63227E415D2B9730081C230;
			productRefGroup = E63227F015D2B9740081C230 /* Products */;
			projectDirPath = "";
			projectRoot = "";
			targets = (
				E63227EE15D2B9740081C230 /* Dictionary */,
			);
		};
/* End PBXProject section */

/* Begin PBXResourcesBuildPhase section */
		E63227ED15D2B9740081C230 /* Resources */ = {
			isa = PBXResourcesBuildPhase;
			buildActionMask = 2147483647;
			files = (
				E63227FE15D2B9740081C230 /* InfoPlist.strings in Resources */,
				E6FAB391180A1A8600885B7E /* Images.xcassets in Resources */,
				E632280715D2B9740081C230 /* MainStoryboard_iPhone.storyboard in Resources */,
				E632280A15D2B9740081C230 /* MainStoryboard_iPad.storyboard in Resources */,
				E68F726C169E8E2400FED431 /* Localizable.strings in Resources */,
			);
			runOnlyForDeploymentPostprocessing = 0;
		};
/* End PBXResourcesBuildPhase section */

/* Begin PBXSourcesBuildPhase section */
		E63227EB15D2B9740081C230 /* Sources */ = {
			isa = PBXSourcesBuildPhase;
			buildActionMask = 2147483647;
			files = (
				E6911A64164609CE007E4552 /* DictonaryPadViewController.m in Sources */,
				E6911A63164609C8007E4552 /* DictonaryViewController.m in Sources */,
				E632280015D2B9740081C230 /* main.m in Sources */,
				E632280415D2B9740081C230 /* DictonaryAppDelegate.m in Sources */,
				E64E6C2F16E986E100BCDFD1 /* BackEnd.m in Sources */,
			);
			runOnlyForDeploymentPostprocessing = 0;
		};
/* End PBXSourcesBuildPhase section */

/* Begin PBXVariantGroup section */
		E63227FC15D2B9740081C230 /* InfoPlist.strings */ = {
			isa = PBXVariantGroup;
			children = (
				E63227FD15D2B9740081C230 /* en */,
				E62BE46F16BE5D9F00583F21 /* es */,
				E62BE47116BE605500583F21 /* fr */,
				E62BE47316BE60E900583F21 /* it */,
				E62BE47516BE614400583F21 /* de */,
				E62BE47716BE628E00583F21 /* sv */,
				E6A7C18416BF81260010FB8E /* pt */,
				E6A7C18616BF82270010FB8E /* nl */,
				E6A7C18816BF836E0010FB8E /* cs */,
				E6A7C18A16BF841B0010FB8E /* da */,
			);
			name = InfoPlist.strings;
			sourceTree = "<group>";
		};
		E632280515D2B9740081C230 /* MainStoryboard_iPhone.storyboard */ = {
			isa = PBXVariantGroup;
			children = (
				E632280615D2B9740081C230 /* en */,
			);
			name = MainStoryboard_iPhone.storyboard;
			sourceTree = "<group>";
		};
		E632280815D2B9740081C230 /* MainStoryboard_iPad.storyboard */ = {
			isa = PBXVariantGroup;
			children = (
				E632280915D2B9740081C230 /* en */,
			);
			name = MainStoryboard_iPad.storyboard;
			sourceTree = "<group>";
		};
		E68F726E169E8E2400FED431 /* Localizable.strings */ = {
			isa = PBXVariantGroup;
			children = (
				E68F726D169E8E2400FED431 /* en */,
				E62BE46E16BE5D7500583F21 /* es */,
				E62BE47016BE605500583F21 /* fr */,
				E62BE47216BE60E800583F21 /* it */,
				E62BE47416BE614300583F21 /* de */,
				E62BE47616BE628E00583F21 /* sv */,
				E6A7C18316BF81260010FB8E /* pt */,
				E6A7C18516BF82270010FB8E /* nl */,
				E6A7C18716BF836E0010FB8E /* cs */,
				E6A7C18916BF841A0010FB8E /* da */,
			);
			name = Localizable.strings;
			sourceTree = "<group>";
		};
/* End PBXVariantGroup section */

/* Begin XCBuildConfiguration section */
		E632282315D2B9740081C230 /* Debug */ = {
			isa = XCBuildConfiguration;
			buildSettings = {
				ALWAYS_SEARCH_USER_PATHS = NO;
				ARCHS = "$(ARCHS_STANDARD_32_BIT)";
				CLANG_CXX_LANGUAGE_STANDARD = "gnu++0x";
				CLANG_ENABLE_OBJC_ARC = YES;
				CLANG_WARN_CONSTANT_CONVERSION = YES;
				CLANG_WARN_ENUM_CONVERSION = YES;
				CLANG_WARN_INT_CONVERSION = YES;
				CLANG_WARN__DUPLICATE_METHOD_MATCH = YES;
				CODE_SIGN_IDENTITY = "iPhone Developer: Kepler Sticka-Jones (XC4RK3W595)";
				"CODE_SIGN_IDENTITY[sdk=iphoneos*]" = "iPhone Developer";
				COPY_PHASE_STRIP = NO;
				GCC_C_LANGUAGE_STANDARD = gnu99;
				GCC_DYNAMIC_NO_PIC = NO;
				GCC_OPTIMIZATION_LEVEL = 0;
				GCC_PREPROCESSOR_DEFINITIONS = (
					"DEBUG=1",
					"$(inherited)",
				);
				GCC_SYMBOLS_PRIVATE_EXTERN = NO;
				GCC_VERSION = com.apple.compilers.llvm.clang.1_0;
				GCC_WARN_ABOUT_RETURN_TYPE = YES;
				GCC_WARN_UNINITIALIZED_AUTOS = YES;
				GCC_WARN_UNUSED_VARIABLE = YES;
				IPHONEOS_DEPLOYMENT_TARGET = 7.0;
				PROVISIONING_PROFILE = "732852F7-27AA-494B-ABBF-79693B6B3DAD";
				SDKROOT = iphoneos;
				TARGETED_DEVICE_FAMILY = "1,2";
			};
			name = Debug;
		};
		E632282415D2B9740081C230 /* Release */ = {
			isa = XCBuildConfiguration;
			buildSettings = {
				ALWAYS_SEARCH_USER_PATHS = NO;
				ARCHS = "$(ARCHS_STANDARD_32_BIT)";
				CLANG_CXX_LANGUAGE_STANDARD = "gnu++0x";
				CLANG_ENABLE_OBJC_ARC = YES;
				CLANG_WARN_CONSTANT_CONVERSION = YES;
				CLANG_WARN_ENUM_CONVERSION = YES;
				CLANG_WARN_INT_CONVERSION = YES;
				CLANG_WARN__DUPLICATE_METHOD_MATCH = YES;
				"CODE_SIGN_IDENTITY[sdk=iphoneos*]" = "";
				COPY_PHASE_STRIP = YES;
				GCC_C_LANGUAGE_STANDARD = gnu99;
				GCC_VERSION = com.apple.compilers.llvm.clang.1_0;
				GCC_WARN_ABOUT_RETURN_TYPE = YES;
				GCC_WARN_UNINITIALIZED_AUTOS = YES;
				GCC_WARN_UNUSED_VARIABLE = YES;
				IPHONEOS_DEPLOYMENT_TARGET = 7.0;
				OTHER_CFLAGS = "-DNS_BLOCK_ASSERTIONS=1";
				SDKROOT = iphoneos;
				TARGETED_DEVICE_FAMILY = "1,2";
				VALIDATE_PRODUCT = YES;
			};
			name = Release;
		};
		E632282615D2B9740081C230 /* Debug */ = {
			isa = XCBuildConfiguration;
			buildSettings = {
				ASSETCATALOG_COMPILER_APPICON_NAME = AppIcon;
				ASSETCATALOG_COMPILER_LAUNCHIMAGE_NAME = LaunchImage;
				CODE_SIGN_IDENTITY = "iPhone Developer";
				"CODE_SIGN_IDENTITY[sdk=iphoneos*]" = "iPhone Developer";
				GCC_PRECOMPILE_PREFIX_HEADER = YES;
				GCC_PREFIX_HEADER = "Dictionary/Dictionary-Prefix.pch";
				INFOPLIST_FILE = "Dictionary/Dictionary-Info.plist";
				IPHONEOS_DEPLOYMENT_TARGET = 7.0;
				LIBRARY_SEARCH_PATHS = (
					"$(inherited)",
					"$(SRCROOT)",
					"\\\"$(SRCROOT)/Flurry\\ Analytics\\\"",
					"\\\"$(SRCROOT)/../../../Library/Developer/Xcode/DerivedData/KBReferenceLibrary-bcjeqpilfvwcxbaefvjgijmnwjad/Build/Products/Debug-iphoneos\\\"",
					/Users/kbsj/Developer/Define,
					/Users/kbsj/Developer/Define/Flurry,
				);
				PRODUCT_NAME = "Define-DEV";
				PROVISIONING_PROFILE = "";
				"PROVISIONING_PROFILE[sdk=iphoneos*]" = "";
				TARGETED_DEVICE_FAMILY = "1,2";
				"USER_HEADER_SEARCH_PATHS[arch=*]" = "../superdb/SuperDBCore/SuperDBCore/**";
				WRAPPER_EXTENSION = app;
			};
			name = Debug;
		};
		E632282715D2B9740081C230 /* Release */ = {
			isa = XCBuildConfiguration;
			buildSettings = {
				ASSETCATALOG_COMPILER_APPICON_NAME = AppIcon;
				ASSETCATALOG_COMPILER_LAUNCHIMAGE_NAME = LaunchImage;
				CODE_SIGN_IDENTITY = "iPhone Developer";
				"CODE_SIGN_IDENTITY[sdk=iphoneos*]" = "iPhone Distribution: Kepler Sticka-Jones";
				GCC_PRECOMPILE_PREFIX_HEADER = YES;
				GCC_PREFIX_HEADER = "Dictionary/Dictionary-Prefix.pch";
				INFOPLIST_FILE = "Dictionary/Dictionary-Info.plist";
				IPHONEOS_DEPLOYMENT_TARGET = 7.0;
				LIBRARY_SEARCH_PATHS = (
					"$(inherited)",
					"$(SRCROOT)",
					"\\\"$(SRCROOT)/Flurry\\ Analytics\\\"",
					"\\\"$(SRCROOT)/../../../Library/Developer/Xcode/DerivedData/KBReferenceLibrary-bcjeqpilfvwcxbaefvjgijmnwjad/Build/Products/Debug-iphoneos\\\"",
					/Users/kbsj/Developer/Define,
					/Users/kbsj/Developer/Define/Flurry,
				);
				PRODUCT_NAME = Define;
				PROVISIONING_PROFILE = "CD92E333-BBAE-4397-A919-C0CCD72A8740";
				"PROVISIONING_PROFILE[sdk=iphoneos*]" = "CD92E333-BBAE-4397-A919-C0CCD72A8740";
				TARGETED_DEVICE_FAMILY = "1,2";
				WRAPPER_EXTENSION = app;
			};
			name = Release;
		};
/* End XCBuildConfiguration section */

/* Begin XCConfigurationList section */
		E63227E915D2B9730081C230 /* Build configuration list for PBXProject "Dictionary" */ = {
			isa = XCConfigurationList;
			buildConfigurations = (
				E632282315D2B9740081C230 /* Debug */,
				E632282415D2B9740081C230 /* Release */,
			);
			defaultConfigurationIsVisible = 0;
			defaultConfigurationName = Release;
		};
		E632282515D2B9740081C230 /* Build configuration list for PBXNativeTarget "Dictionary" */ = {
			isa = XCConfigurationList;
			buildConfigurations = (
				E632282615D2B9740081C230 /* Debug */,
				E632282715D2B9740081C230 /* Release */,
			);
			defaultConfigurationIsVisible = 0;
			defaultConfigurationName = Release;
		};
/* End XCConfigurationList section */
	};
	rootObject = E63227E615D2B9730081C230 /* Project object */;
}
