// !$*UTF8*$!
{
	archiveVersion = 1;
	classes = {
	};
	objectVersion = 46;
	objects = {

/* Begin PBXFileReference section */
		E61C6313172E3B2100D060B1 /* Source Code */ = {isa = PBXFileReference; lastKnownFileType = folder; path = "Source Code"; sourceTree = "<group>"; };
/* End PBXFileReference section */

/* Begin PBXGroup section */
		E6354060172CC38500DFA42A = {
			isa = PBXGroup;
			children = (
				E61C6313172E3B2100D060B1 /* Source Code */,
			);
			sourceTree = "<group>";
		};
/* End PBXGroup section */

/* Begin PBXProject section */
		E6354061172CC38500DFA42A /* Project object */ = {
			isa = PBXProject;
			attributes = {
				LastUpgradeCheck = 0460;
			};
			buildConfigurationList = E6354064172CC38500DFA42A /* Build configuration list for PBXProject "Define Online" */;
			compatibilityVersion = "Xcode 3.2";
			developmentRegion = English;
			hasScannedForEncodings = 0;
			knownRegions = (
				en,
			);
			mainGroup = E6354060172CC38500DFA42A;
			productRefGroup = E6354060172CC38500DFA42A;
			projectDirPath = "";
			projectRoot = "";
			targets = (
			);
		};
/* End PBXProject section */

/* Begin XCBuildConfiguration section */
		E6354065172CC38500DFA42A /* Debug */ = {
			isa = XCBuildConfiguration;
			buildSettings = {
			};
			name = Debug;
		};
		E6354066172CC38500DFA42A /* Release */ = {
			isa = XCBuildConfiguration;
			buildSettings = {
			};
			name = Release;
		};
/* End XCBuildConfiguration section */

/* Begin XCConfigurationList section */
		E6354064172CC38500DFA42A /* Build configuration list for PBXProject "Define Online" */ = {
			isa = XCConfigurationList;
			buildConfigurations = (
				E6354065172CC38500DFA42A /* Debug */,
				E6354066172CC38500DFA42A /* Release */,
			);
			defaultConfigurationIsVisible = 0;
			defaultConfigurationName = Release;
		};
/* End XCConfigurationList section */
	};
	rootObject = E6354061172CC38500DFA42A /* Project object */;
}
